
Microsoft Visual Studio Solution File, Format Version 12.00
# Visual Studio Version 17
VisualStudioVersion = 17.9.34622.214
MinimumVisualStudioVersion = 10.0.40219.1
Project("{8BC9CEB8-8B4A-11D0-8D11-00A0C91BC942}") = "UglyNumber", "UglyNumber.vcxproj", "{72112C80-0EEF-4AC9-9D65-8DF446BBCD76}"
EndProject
Global
	GlobalSection(SolutionConfigurationPlatforms) = preSolution
		Debug|x64 = Debug|x64
		Debug|x86 = Debug|x86
		Release|x64 = Release|x64
		Release|x86 = Release|x86
	EndGlobalSection
	GlobalSection(ProjectConfigurationPlatforms) = postSolution
		{72112C80-0EEF-4AC9-9D65-8DF446BBCD76}.Debug|x64.ActiveCfg = Debug|x64
		{72112C80-0EEF-4AC9-9D65-8DF446BBCD76}.Debug|x64.Build.0 = Debug|x64
		{72112C80-0EEF-4AC9-9D65-8DF446BBCD76}.Debug|x86.ActiveCfg = Debug|Win32
		{72112C80-0EEF-4AC9-9D65-8DF446BBCD76}.Debug|x86.Build.0 = Debug|Win32
		{72112C80-0EEF-4AC9-9D65-8DF446BBCD76}.Release|x64.ActiveCfg = Release|x64
		{72112C80-0EEF-4AC9-9D65-8DF446BBCD76}.Release|x64.Build.0 = Release|x64
		{72112C80-0EEF-4AC9-9D65-8DF446BBCD76}.Release|x86.ActiveCfg = Release|Win32
		{72112C80-0EEF-4AC9-9D65-8DF446BBCD76}.Release|x86.Build.0 = Release|Win32
	EndGlobalSection
	GlobalSection(SolutionProperties) = preSolution
		HideSolutionNode = FALSE
	EndGlobalSection
	GlobalSection(ExtensibilityGlobals) = postSolution
		SolutionGuid = {08BB4EA0-E366-4780-A1BF-65EC47D4F2C8}
	EndGlobalSection
EndGlobal
